
Microsoft Visual Studio Solution File, Format Version 12.00
# Visual Studio Version 16
VisualStudioVersion = 16.0.32228.343
MinimumVisualStudioVersion = 10.0.40219.1
Project("{8BC9CEB8-8B4A-11D0-8D11-00A0C91BC942}") = "ImageViewer", "ImageViewer.vcxproj", "{C159DEF2-B132-4A05-AEE1-1D6DF7950D3C}"
EndProject
Global
	GlobalSection(SolutionConfigurationPlatforms) = preSolution
		Debug|x64 = Debug|x64
		Debug|x86 = Debug|x86
		Release|x64 = Release|x64
		Release|x86 = Release|x86
	EndGlobalSection
	GlobalSection(ProjectConfigurationPlatforms) = postSolution
		{C159DEF2-B132-4A05-AEE1-1D6DF7950D3C}.Debug|x64.ActiveCfg = Debug|x64
		{C159DEF2-B132-4A05-AEE1-1D6DF7950D3C}.Debug|x64.Build.0 = Debug|x64
		{C159DEF2-B132-4A05-AEE1-1D6DF7950D3C}.Debug|x86.ActiveCfg = Debug|Win32
		{C159DEF2-B132-4A05-AEE1-1D6DF7950D3C}.Debug|x86.Build.0 = Debug|Win32
		{C159DEF2-B132-4A05-AEE1-1D6DF7950D3C}.Release|x64.ActiveCfg = Release|x64
		{C159DEF2-B132-4A05-AEE1-1D6DF7950D3C}.Release|x64.Build.0 = Release|x64
		{C159DEF2-B132-4A05-AEE1-1D6DF7950D3C}.Release|x86.ActiveCfg = Release|Win32
		{C159DEF2-B132-4A05-AEE1-1D6DF7950D3C}.Release|x86.Build.0 = Release|Win32
	EndGlobalSection
	GlobalSection(SolutionProperties) = preSolution
		HideSolutionNode = FALSE
	EndGlobalSection
	GlobalSection(ExtensibilityGlobals) = postSolution
		SolutionGuid = {73DA79C9-E1ED-4DDF-84E6-B565B7E36A6E}
	EndGlobalSection
EndGlobal
